
Microsoft Visual Studio Solution File, Format Version 12.00
# Visual Studio Version 17
VisualStudioVersion = 17.3.32929.385
MinimumVisualStudioVersion = 10.0.40219.1
Project("{FAE04EC0-301F-11D3-BF4B-00C04F79EFBC}") = "Projet_Triathlon", "Projet_Triathlon\Projet_Triathlon.csproj", "{32F325FE-7F02-4B4D-BEA1-8F41FAA99ADB}"
EndProject
Global
	GlobalSection(SolutionConfigurationPlatforms) = preSolution
		Debug|Any CPU = Debug|Any CPU
		Release|Any CPU = Release|Any CPU
	EndGlobalSection
	GlobalSection(ProjectConfigurationPlatforms) = postSolution
		{32F325FE-7F02-4B4D-BEA1-8F41FAA99ADB}.Debug|Any CPU.ActiveCfg = Debug|Any CPU
		{32F325FE-7F02-4B4D-BEA1-8F41FAA99ADB}.Debug|Any CPU.Build.0 = Debug|Any CPU
		{32F325FE-7F02-4B4D-BEA1-8F41FAA99ADB}.Release|Any CPU.ActiveCfg = Release|Any CPU
		{32F325FE-7F02-4B4D-BEA1-8F41FAA99ADB}.Release|Any CPU.Build.0 = Release|Any CPU
	EndGlobalSection
	GlobalSection(SolutionProperties) = preSolution
		HideSolutionNode = FALSE
	EndGlobalSection
	GlobalSection(ExtensibilityGlobals) = postSolution
		SolutionGuid = {95DCE1EB-EEF2-4FC7-ABBE-EC2722199FDF}
	EndGlobalSection
EndGlobal
